# This file is automatically @generated by Cargo.
# It is not intended for manual editing.
version = 3

[[package]]
name = "opstring"
version = "1.0.0"
source = "git+https://github.com/Lut99/opstring?tag=v1.0.0#07942b02181acb9fbda6ba5f5ef4a05a63a14663"
dependencies = [
 "unicode-segmentation",
]

[[package]]
name = "parse-args"
version = "1.0.0"
dependencies = [
 "opstring",
]

[[package]]
name = "unicode-segmentation"
version = "1.8.0"
source = "registry+https://github.com/rust-lang/crates.io-index"
checksum = "8895849a949e7845e06bd6dc1aa51731a103c42707010a5b591c0038fb73385b"
